// !$*UTF8*$!
{
	archiveVersion = 1;
	classes = {
	};
	objectVersion = 56;
	objects = {

/* Begin PBXBuildFile section */
		3351CE7F2C2DBF9400D065EC /* AppDelegate.swift in Sources */ = {isa = PBXBuildFile; fileRef = 3351CE7E2C2DBF9400D065EC /* AppDelegate.swift */; };
		3351CE8B2C2DBF9600D065EC /* Base in Resources */ = {isa = PBXBuildFile; fileRef = 3351CE8A2C2DBF9600D065EC /* Base */; };
		3351CE9E2C2DC36B00D065EC /* AppDesign in Frameworks */ = {isa = PBXBuildFile; productRef = 3351CE9D2C2DC36B00D065EC /* AppDesign */; };
		3351CEA02C2DC36E00D065EC /* Coordinators in Frameworks */ = {isa = PBXBuildFile; productRef = 3351CE9F2C2DC36E00D065EC /* Coordinators */; };
		3351CEA22C2DC37300D065EC /* MainPage in Frameworks */ = {isa = PBXBuildFile; productRef = 3351CEA12C2DC37300D065EC /* MainPage */; };
		3351CEA42C2DC37700D065EC /* Networking in Frameworks */ = {isa = PBXBuildFile; productRef = 3351CEA32C2DC37700D065EC /* Networking */; };
		3351CEA62C2DC37A00D065EC /* PersonalPage in Frameworks */ = {isa = PBXBuildFile; productRef = 3351CEA52C2DC37A00D065EC /* PersonalPage */; };
		3351CEA82C2DC37E00D065EC /* Registration in Frameworks */ = {isa = PBXBuildFile; productRef = 3351CEA72C2DC37E00D065EC /* Registration */; };
		3351CEAA2C2DC38200D065EC /* TeamPage in Frameworks */ = {isa = PBXBuildFile; productRef = 3351CEA92C2DC38200D065EC /* TeamPage */; };
		3351CEAE2C2DC38B00D065EC /* ViewComponents in Frameworks */ = {isa = PBXBuildFile; productRef = 3351CEAD2C2DC38B00D065EC /* ViewComponents */; };
		3351CEB22C2DC41600D065EC /* SkeletonView in Frameworks */ = {isa = PBXBuildFile; productRef = 3351CEB12C2DC41600D065EC /* SkeletonView */; };
		3351CEB52C2DC43200D065EC /* Lighty in Frameworks */ = {isa = PBXBuildFile; productRef = 3351CEB42C2DC43200D065EC /* Lighty */; };
		3351CEB82C2DC45500D065EC /* SnapKit in Frameworks */ = {isa = PBXBuildFile; productRef = 3351CEB72C2DC45500D065EC /* SnapKit */; };
		3351CEBA2C2DC45500D065EC /* SnapKit-Dynamic in Frameworks */ = {isa = PBXBuildFile; productRef = 3351CEB92C2DC45500D065EC /* SnapKit-Dynamic */; };
		3363C1FB2C2E1E0800D313C6 /* Utils in Frameworks */ = {isa = PBXBuildFile; productRef = 3363C1FA2C2E1E0800D313C6 /* Utils */; };
		3363C1FE2C31C88300D313C6 /* SceneDelegate.swift in Sources */ = {isa = PBXBuildFile; fileRef = 3363C1FC2C2E20CF00D313C6 /* SceneDelegate.swift */; };
/* End PBXBuildFile section */

/* Begin PBXFileReference section */
		3351CE7B2C2DBF9400D065EC /* TaskNestApp.app */ = {isa = PBXFileReference; explicitFileType = wrapper.application; includeInIndex = 0; path = TaskNestApp.app; sourceTree = BUILT_PRODUCTS_DIR; };
		3351CE7E2C2DBF9400D065EC /* AppDelegate.swift */ = {isa = PBXFileReference; lastKnownFileType = sourcecode.swift; path = AppDelegate.swift; sourceTree = "<group>"; };
		3351CE8A2C2DBF9600D065EC /* Base */ = {isa = PBXFileReference; lastKnownFileType = file.storyboard; name = Base; path = Base.lproj/LaunchScreen.storyboard; sourceTree = "<group>"; };
		3351CE8C2C2DBF9600D065EC /* Info.plist */ = {isa = PBXFileReference; lastKnownFileType = text.plist.xml; path = Info.plist; sourceTree = "<group>"; };
		3351CE932C2DBFCE00D065EC /* Coordinators */ = {isa = PBXFileReference; lastKnownFileType = wrapper; path = Coordinators; sourceTree = "<group>"; };
		3351CE942C2DC02F00D065EC /* Utils */ = {isa = PBXFileReference; lastKnownFileType = wrapper; path = Utils; sourceTree = "<group>"; };
		3351CE952C2DC05B00D065EC /* Networking */ = {isa = PBXFileReference; lastKnownFileType = wrapper; path = Networking; sourceTree = "<group>"; };
		3351CE962C2DC08400D065EC /* ViewComponents */ = {isa = PBXFileReference; lastKnownFileType = wrapper; path = ViewComponents; sourceTree = "<group>"; };
		3351CE972C2DC0A000D065EC /* AppDesign */ = {isa = PBXFileReference; lastKnownFileType = wrapper; path = AppDesign; sourceTree = "<group>"; };
		3351CE982C2DC0BC00D065EC /* Registration */ = {isa = PBXFileReference; lastKnownFileType = wrapper; path = Registration; sourceTree = "<group>"; };
		3351CE992C2DC0D900D065EC /* MainPage */ = {isa = PBXFileReference; lastKnownFileType = wrapper; path = MainPage; sourceTree = "<group>"; };
		3351CE9A2C2DC0EF00D065EC /* TeamPage */ = {isa = PBXFileReference; lastKnownFileType = wrapper; path = TeamPage; sourceTree = "<group>"; };
		3351CE9B2C2DC11000D065EC /* PersonalPage */ = {isa = PBXFileReference; lastKnownFileType = wrapper; path = PersonalPage; sourceTree = "<group>"; };
		3363C1FC2C2E20CF00D313C6 /* SceneDelegate.swift */ = {isa = PBXFileReference; fileEncoding = 4; lastKnownFileType = sourcecode.swift; path = SceneDelegate.swift; sourceTree = "<group>"; };
/* End PBXFileReference section */

/* Begin PBXFrameworksBuildPhase section */
		3351CE782C2DBF9400D065EC /* Frameworks */ = {
			isa = PBXFrameworksBuildPhase;
			buildActionMask = 2147483647;
			files = (
				3351CE9E2C2DC36B00D065EC /* AppDesign in Frameworks */,
				3351CEAE2C2DC38B00D065EC /* ViewComponents in Frameworks */,
				3351CEA62C2DC37A00D065EC /* PersonalPage in Frameworks */,
				3351CEA02C2DC36E00D065EC /* Coordinators in Frameworks */,
				3351CEB22C2DC41600D065EC /* SkeletonView in Frameworks */,
				3351CEBA2C2DC45500D065EC /* SnapKit-Dynamic in Frameworks */,
				3351CEB52C2DC43200D065EC /* Lighty in Frameworks */,
				3351CEA42C2DC37700D065EC /* Networking in Frameworks */,
				3363C1FB2C2E1E0800D313C6 /* Utils in Frameworks */,
				3351CEA22C2DC37300D065EC /* MainPage in Frameworks */,
				3351CEA82C2DC37E00D065EC /* Registration in Frameworks */,
				3351CEB82C2DC45500D065EC /* SnapKit in Frameworks */,
				3351CEAA2C2DC38200D065EC /* TeamPage in Frameworks */,
			);
			runOnlyForDeploymentPostprocessing = 0;
		};
/* End PBXFrameworksBuildPhase section */

/* Begin PBXGroup section */
		3351CE722C2DBF9400D065EC = {
			isa = PBXGroup;
			children = (
				3351CE7D2C2DBF9400D065EC /* TaskNestApp */,
				3351CE7C2C2DBF9400D065EC /* Products */,
				3351CE9C2C2DC36B00D065EC /* Frameworks */,
			);
			sourceTree = "<group>";
		};
		3351CE7C2C2DBF9400D065EC /* Products */ = {
			isa = PBXGroup;
			children = (
				3351CE7B2C2DBF9400D065EC /* TaskNestApp.app */,
			);
			name = Products;
			sourceTree = "<group>";
		};
		3351CE7D2C2DBF9400D065EC /* TaskNestApp */ = {
			isa = PBXGroup;
			children = (
				3351CE8C2C2DBF9600D065EC /* Info.plist */,
				3363C1FC2C2E20CF00D313C6 /* SceneDelegate.swift */,
				3351CE7E2C2DBF9400D065EC /* AppDelegate.swift */,
				3351CE892C2DBF9600D065EC /* LaunchScreen.storyboard */,
				3351CE922C2DBF9F00D065EC /* Modules */,
			);
			path = TaskNestApp;
			sourceTree = "<group>";
		};
		3351CE922C2DBF9F00D065EC /* Modules */ = {
			isa = PBXGroup;
			children = (
				3351CE972C2DC0A000D065EC /* AppDesign */,
				3351CE932C2DBFCE00D065EC /* Coordinators */,
				3351CE992C2DC0D900D065EC /* MainPage */,
				3351CE952C2DC05B00D065EC /* Networking */,
				3351CE9B2C2DC11000D065EC /* PersonalPage */,
				3351CE982C2DC0BC00D065EC /* Registration */,
				3351CE9A2C2DC0EF00D065EC /* TeamPage */,
				3351CE942C2DC02F00D065EC /* Utils */,
				3351CE962C2DC08400D065EC /* ViewComponents */,
			);
			path = Modules;
			sourceTree = "<group>";
		};
		3351CE9C2C2DC36B00D065EC /* Frameworks */ = {
			isa = PBXGroup;
			children = (
			);
			name = Frameworks;
			sourceTree = "<group>";
		};
/* End PBXGroup section */

/* Begin PBXNativeTarget section */
		3351CE7A2C2DBF9400D065EC /* TaskNestApp */ = {
			isa = PBXNativeTarget;
			buildConfigurationList = 3351CE8F2C2DBF9600D065EC /* Build configuration list for PBXNativeTarget "TaskNestApp" */;
			buildPhases = (
				3351CE772C2DBF9400D065EC /* Sources */,
				3351CE782C2DBF9400D065EC /* Frameworks */,
				3351CE792C2DBF9400D065EC /* Resources */,
			);
			buildRules = (
			);
			dependencies = (
			);
			name = TaskNestApp;
			packageProductDependencies = (
				3351CE9D2C2DC36B00D065EC /* AppDesign */,
				3351CE9F2C2DC36E00D065EC /* Coordinators */,
				3351CEA12C2DC37300D065EC /* MainPage */,
				3351CEA32C2DC37700D065EC /* Networking */,
				3351CEA52C2DC37A00D065EC /* PersonalPage */,
				3351CEA72C2DC37E00D065EC /* Registration */,
				3351CEA92C2DC38200D065EC /* TeamPage */,
				3351CEAD2C2DC38B00D065EC /* ViewComponents */,
				3351CEB12C2DC41600D065EC /* SkeletonView */,
				3351CEB42C2DC43200D065EC /* Lighty */,
				3351CEB72C2DC45500D065EC /* SnapKit */,
				3351CEB92C2DC45500D065EC /* SnapKit-Dynamic */,
				3363C1FA2C2E1E0800D313C6 /* Utils */,
			);
			productName = TaskNestApp;
			productReference = 3351CE7B2C2DBF9400D065EC /* TaskNestApp.app */;
			productType = "com.apple.product-type.application";
		};
/* End PBXNativeTarget section */

/* Begin PBXProject section */
		3351CE732C2DBF9400D065EC /* Project object */ = {
			isa = PBXProject;
			attributes = {
				BuildIndependentTargetsInParallel = 1;
				LastSwiftUpdateCheck = 1530;
				LastUpgradeCheck = 1530;
				TargetAttributes = {
					3351CE7A2C2DBF9400D065EC = {
						CreatedOnToolsVersion = 15.3;
					};
				};
			};
			buildConfigurationList = 3351CE762C2DBF9400D065EC /* Build configuration list for PBXProject "TaskNestApp" */;
			compatibilityVersion = "Xcode 14.0";
			developmentRegion = en;
			hasScannedForEncodings = 0;
			knownRegions = (
				en,
				Base,
			);
			mainGroup = 3351CE722C2DBF9400D065EC;
			packageReferences = (
				3351CEAF2C2DC3F300D065EC /* XCRemoteSwiftPackageReference "Moya" */,
				3351CEB02C2DC41600D065EC /* XCRemoteSwiftPackageReference "SkeletonView" */,
				3351CEB32C2DC43200D065EC /* XCRemoteSwiftPackageReference "Lighty" */,
				3351CEB62C2DC45500D065EC /* XCRemoteSwiftPackageReference "SnapKit" */,
			);
			productRefGroup = 3351CE7C2C2DBF9400D065EC /* Products */;
			projectDirPath = "";
			projectRoot = "";
			targets = (
				3351CE7A2C2DBF9400D065EC /* TaskNestApp */,
			);
		};
/* End PBXProject section */

/* Begin PBXResourcesBuildPhase section */
		3351CE792C2DBF9400D065EC /* Resources */ = {
			isa = PBXResourcesBuildPhase;
			buildActionMask = 2147483647;
			files = (
				3351CE8B2C2DBF9600D065EC /* Base in Resources */,
			);
			runOnlyForDeploymentPostprocessing = 0;
		};
/* End PBXResourcesBuildPhase section */

/* Begin PBXSourcesBuildPhase section */
		3351CE772C2DBF9400D065EC /* Sources */ = {
			isa = PBXSourcesBuildPhase;
			buildActionMask = 2147483647;
			files = (
				3351CE7F2C2DBF9400D065EC /* AppDelegate.swift in Sources */,
				3363C1FE2C31C88300D313C6 /* SceneDelegate.swift in Sources */,
			);
			runOnlyForDeploymentPostprocessing = 0;
		};
/* End PBXSourcesBuildPhase section */

/* Begin PBXVariantGroup section */
		3351CE892C2DBF9600D065EC /* LaunchScreen.storyboard */ = {
			isa = PBXVariantGroup;
			children = (
				3351CE8A2C2DBF9600D065EC /* Base */,
			);
			name = LaunchScreen.storyboard;
			sourceTree = "<group>";
		};
/* End PBXVariantGroup section */

/* Begin XCBuildConfiguration section */
		3351CE8D2C2DBF9600D065EC /* Debug */ = {
			isa = XCBuildConfiguration;
			buildSettings = {
				ALWAYS_SEARCH_USER_PATHS = NO;
				ASSETCATALOG_COMPILER_GENERATE_SWIFT_ASSET_SYMBOL_EXTENSIONS = YES;
				CLANG_ANALYZER_NONNULL = YES;
				CLANG_ANALYZER_NUMBER_OBJECT_CONVERSION = YES_AGGRESSIVE;
				CLANG_CXX_LANGUAGE_STANDARD = "gnu++20";
				CLANG_ENABLE_MODULES = YES;
				CLANG_ENABLE_OBJC_ARC = YES;
				CLANG_ENABLE_OBJC_WEAK = YES;
				CLANG_WARN_BLOCK_CAPTURE_AUTORELEASING = YES;
				CLANG_WARN_BOOL_CONVERSION = YES;
				CLANG_WARN_COMMA = YES;
				CLANG_WARN_CONSTANT_CONVERSION = YES;
				CLANG_WARN_DEPRECATED_OBJC_IMPLEMENTATIONS = YES;
				CLANG_WARN_DIRECT_OBJC_ISA_USAGE = YES_ERROR;
				CLANG_WARN_DOCUMENTATION_COMMENTS = YES;
				CLANG_WARN_EMPTY_BODY = YES;
				CLANG_WARN_ENUM_CONVERSION = YES;
				CLANG_WARN_INFINITE_RECURSION = YES;
				CLANG_WARN_INT_CONVERSION = YES;
				CLANG_WARN_NON_LITERAL_NULL_CONVERSION = YES;
				CLANG_WARN_OBJC_IMPLICIT_RETAIN_SELF = YES;
				CLANG_WARN_OBJC_LITERAL_CONVERSION = YES;
				CLANG_WARN_OBJC_ROOT_CLASS = YES_ERROR;
				CLANG_WARN_QUOTED_INCLUDE_IN_FRAMEWORK_HEADER = YES;
				CLANG_WARN_RANGE_LOOP_ANALYSIS = YES;
				CLANG_WARN_STRICT_PROTOTYPES = YES;
				CLANG_WARN_SUSPICIOUS_MOVE = YES;
				CLANG_WARN_UNGUARDED_AVAILABILITY = YES_AGGRESSIVE;
				CLANG_WARN_UNREACHABLE_CODE = YES;
				CLANG_WARN__DUPLICATE_METHOD_MATCH = YES;
				COPY_PHASE_STRIP = NO;
				DEBUG_INFORMATION_FORMAT = dwarf;
				ENABLE_STRICT_OBJC_MSGSEND = YES;
				ENABLE_TESTABILITY = YES;
				ENABLE_USER_SCRIPT_SANDBOXING = YES;
				GCC_C_LANGUAGE_STANDARD = gnu17;
				GCC_DYNAMIC_NO_PIC = NO;
				GCC_NO_COMMON_BLOCKS = YES;
				GCC_OPTIMIZATION_LEVEL = 0;
				GCC_PREPROCESSOR_DEFINITIONS = (
					"DEBUG=1",
					"$(inherited)",
				);
				GCC_WARN_64_TO_32_BIT_CONVERSION = YES;
				GCC_WARN_ABOUT_RETURN_TYPE = YES_ERROR;
				GCC_WARN_UNDECLARED_SELECTOR = YES;
				GCC_WARN_UNINITIALIZED_AUTOS = YES_AGGRESSIVE;
				GCC_WARN_UNUSED_FUNCTION = YES;
				GCC_WARN_UNUSED_VARIABLE = YES;
				IPHONEOS_DEPLOYMENT_TARGET = 15.0;
				LOCALIZATION_PREFERS_STRING_CATALOGS = YES;
				MTL_ENABLE_DEBUG_INFO = INCLUDE_SOURCE;
				MTL_FAST_MATH = YES;
				ONLY_ACTIVE_ARCH = YES;
				SDKROOT = iphoneos;
				SWIFT_ACTIVE_COMPILATION_CONDITIONS = "DEBUG $(inherited)";
				SWIFT_OPTIMIZATION_LEVEL = "-Onone";
			};
			name = Debug;
		};
		3351CE8E2C2DBF9600D065EC /* Release */ = {
			isa = XCBuildConfiguration;
			buildSettings = {
				ALWAYS_SEARCH_USER_PATHS = NO;
				ASSETCATALOG_COMPILER_GENERATE_SWIFT_ASSET_SYMBOL_EXTENSIONS = YES;
				CLANG_ANALYZER_NONNULL = YES;
				CLANG_ANALYZER_NUMBER_OBJECT_CONVERSION = YES_AGGRESSIVE;
				CLANG_CXX_LANGUAGE_STANDARD = "gnu++20";
				CLANG_ENABLE_MODULES = YES;
				CLANG_ENABLE_OBJC_ARC = YES;
				CLANG_ENABLE_OBJC_WEAK = YES;
				CLANG_WARN_BLOCK_CAPTURE_AUTORELEASING = YES;
				CLANG_WARN_BOOL_CONVERSION = YES;
				CLANG_WARN_COMMA = YES;
				CLANG_WARN_CONSTANT_CONVERSION = YES;
				CLANG_WARN_DEPRECATED_OBJC_IMPLEMENTATIONS = YES;
				CLANG_WARN_DIRECT_OBJC_ISA_USAGE = YES_ERROR;
				CLANG_WARN_DOCUMENTATION_COMMENTS = YES;
				CLANG_WARN_EMPTY_BODY = YES;
				CLANG_WARN_ENUM_CONVERSION = YES;
				CLANG_WARN_INFINITE_RECURSION = YES;
				CLANG_WARN_INT_CONVERSION = YES;
				CLANG_WARN_NON_LITERAL_NULL_CONVERSION = YES;
				CLANG_WARN_OBJC_IMPLICIT_RETAIN_SELF = YES;
				CLANG_WARN_OBJC_LITERAL_CONVERSION = YES;
				CLANG_WARN_OBJC_ROOT_CLASS = YES_ERROR;
				CLANG_WARN_QUOTED_INCLUDE_IN_FRAMEWORK_HEADER = YES;
				CLANG_WARN_RANGE_LOOP_ANALYSIS = YES;
				CLANG_WARN_STRICT_PROTOTYPES = YES;
				CLANG_WARN_SUSPICIOUS_MOVE = YES;
				CLANG_WARN_UNGUARDED_AVAILABILITY = YES_AGGRESSIVE;
				CLANG_WARN_UNREACHABLE_CODE = YES;
				CLANG_WARN__DUPLICATE_METHOD_MATCH = YES;
				COPY_PHASE_STRIP = NO;
				DEBUG_INFORMATION_FORMAT = "dwarf-with-dsym";
				ENABLE_NS_ASSERTIONS = NO;
				ENABLE_STRICT_OBJC_MSGSEND = YES;
				ENABLE_USER_SCRIPT_SANDBOXING = YES;
				GCC_C_LANGUAGE_STANDARD = gnu17;
				GCC_NO_COMMON_BLOCKS = YES;
				GCC_WARN_64_TO_32_BIT_CONVERSION = YES;
				GCC_WARN_ABOUT_RETURN_TYPE = YES_ERROR;
				GCC_WARN_UNDECLARED_SELECTOR = YES;
				GCC_WARN_UNINITIALIZED_AUTOS = YES_AGGRESSIVE;
				GCC_WARN_UNUSED_FUNCTION = YES;
				GCC_WARN_UNUSED_VARIABLE = YES;
				IPHONEOS_DEPLOYMENT_TARGET = 15.0;
				LOCALIZATION_PREFERS_STRING_CATALOGS = YES;
				MTL_ENABLE_DEBUG_INFO = NO;
				MTL_FAST_MATH = YES;
				SDKROOT = iphoneos;
				SWIFT_COMPILATION_MODE = wholemodule;
				VALIDATE_PRODUCT = YES;
			};
			name = Release;
		};
		3351CE902C2DBF9600D065EC /* Debug */ = {
			isa = XCBuildConfiguration;
			buildSettings = {
				ASSETCATALOG_COMPILER_APPICON_NAME = AppIcon;
				ASSETCATALOG_COMPILER_GLOBAL_ACCENT_COLOR_NAME = AccentColor;
				CODE_SIGN_STYLE = Automatic;
				CURRENT_PROJECT_VERSION = 1;
				DEVELOPMENT_TEAM = C9GRWZY5P5;
				GENERATE_INFOPLIST_FILE = YES;
				INFOPLIST_FILE = TaskNestApp/Info.plist;
				INFOPLIST_KEY_CFBundleDisplayName = "";
				INFOPLIST_KEY_LSApplicationCategoryType = "public.app-category.lifestyle";
				INFOPLIST_KEY_UIApplicationSupportsIndirectInputEvents = YES;
				INFOPLIST_KEY_UILaunchStoryboardName = LaunchScreen;
				INFOPLIST_KEY_UIStatusBarStyle = "";
				INFOPLIST_KEY_UISupportedInterfaceOrientations = UIInterfaceOrientationPortrait;
				INFOPLIST_KEY_UISupportedInterfaceOrientations_iPad = "UIInterfaceOrientationLandscapeLeft UIInterfaceOrientationLandscapeRight UIInterfaceOrientationPortrait UIInterfaceOrientationPortraitUpsideDown";
				IPHONEOS_DEPLOYMENT_TARGET = 15.0;
				LD_RUNPATH_SEARCH_PATHS = (
					"$(inherited)",
					"@executable_path/Frameworks",
				);
				MARKETING_VERSION = 1.0;
				PRODUCT_BUNDLE_IDENTIFIER = Alexandra.TaskNestApp;
				PRODUCT_NAME = "$(TARGET_NAME)";
				SUPPORTED_PLATFORMS = "iphoneos iphonesimulator";
				SUPPORTS_MACCATALYST = NO;
				SUPPORTS_MAC_DESIGNED_FOR_IPHONE_IPAD = NO;
				SUPPORTS_XR_DESIGNED_FOR_IPHONE_IPAD = NO;
				SWIFT_EMIT_LOC_STRINGS = YES;
				SWIFT_VERSION = 5.0;
				TARGETED_DEVICE_FAMILY = 1;
			};
			name = Debug;
		};
		3351CE912C2DBF9600D065EC /* Release */ = {
			isa = XCBuildConfiguration;
			buildSettings = {
				ASSETCATALOG_COMPILER_APPICON_NAME = AppIcon;
				ASSETCATALOG_COMPILER_GLOBAL_ACCENT_COLOR_NAME = AccentColor;
				CODE_SIGN_STYLE = Automatic;
				CURRENT_PROJECT_VERSION = 1;
				DEVELOPMENT_TEAM = C9GRWZY5P5;
				GENERATE_INFOPLIST_FILE = YES;
				INFOPLIST_FILE = TaskNestApp/Info.plist;
				INFOPLIST_KEY_CFBundleDisplayName = "";
				INFOPLIST_KEY_LSApplicationCategoryType = "public.app-category.lifestyle";
				INFOPLIST_KEY_UIApplicationSupportsIndirectInputEvents = YES;
				INFOPLIST_KEY_UILaunchStoryboardName = LaunchScreen;
				INFOPLIST_KEY_UIStatusBarStyle = "";
				INFOPLIST_KEY_UISupportedInterfaceOrientations = UIInterfaceOrientationPortrait;
				INFOPLIST_KEY_UISupportedInterfaceOrientations_iPad = "UIInterfaceOrientationLandscapeLeft UIInterfaceOrientationLandscapeRight UIInterfaceOrientationPortrait UIInterfaceOrientationPortraitUpsideDown";
				IPHONEOS_DEPLOYMENT_TARGET = 15.0;
				LD_RUNPATH_SEARCH_PATHS = (
					"$(inherited)",
					"@executable_path/Frameworks",
				);
				MARKETING_VERSION = 1.0;
				PRODUCT_BUNDLE_IDENTIFIER = Alexandra.TaskNestApp;
				PRODUCT_NAME = "$(TARGET_NAME)";
				SUPPORTED_PLATFORMS = "iphoneos iphonesimulator";
				SUPPORTS_MACCATALYST = NO;
				SUPPORTS_MAC_DESIGNED_FOR_IPHONE_IPAD = NO;
				SUPPORTS_XR_DESIGNED_FOR_IPHONE_IPAD = NO;
				SWIFT_EMIT_LOC_STRINGS = YES;
				SWIFT_VERSION = 5.0;
				TARGETED_DEVICE_FAMILY = 1;
			};
			name = Release;
		};
/* End XCBuildConfiguration section */

/* Begin XCConfigurationList section */
		3351CE762C2DBF9400D065EC /* Build configuration list for PBXProject "TaskNestApp" */ = {
			isa = XCConfigurationList;
			buildConfigurations = (
				3351CE8D2C2DBF9600D065EC /* Debug */,
				3351CE8E2C2DBF9600D065EC /* Release */,
			);
			defaultConfigurationIsVisible = 0;
			defaultConfigurationName = Release;
		};
		3351CE8F2C2DBF9600D065EC /* Build configuration list for PBXNativeTarget "TaskNestApp" */ = {
			isa = XCConfigurationList;
			buildConfigurations = (
				3351CE902C2DBF9600D065EC /* Debug */,
				3351CE912C2DBF9600D065EC /* Release */,
			);
			defaultConfigurationIsVisible = 0;
			defaultConfigurationName = Release;
		};
/* End XCConfigurationList section */

/* Begin XCRemoteSwiftPackageReference section */
		3351CEAF2C2DC3F300D065EC /* XCRemoteSwiftPackageReference "Moya" */ = {
			isa = XCRemoteSwiftPackageReference;
			repositoryURL = "https://github.com/Moya/Moya.git";
			requirement = {
				kind = upToNextMajorVersion;
				minimumVersion = 15.0.3;
			};
		};
		3351CEB02C2DC41600D065EC /* XCRemoteSwiftPackageReference "SkeletonView" */ = {
			isa = XCRemoteSwiftPackageReference;
			repositoryURL = "https://github.com/Juanpe/SkeletonView.git";
			requirement = {
				kind = upToNextMajorVersion;
				minimumVersion = 1.31.0;
			};
		};
		3351CEB32C2DC43200D065EC /* XCRemoteSwiftPackageReference "Lighty" */ = {
			isa = XCRemoteSwiftPackageReference;
			repositoryURL = "https://github.com/abdullahselek/Lighty.git";
			requirement = {
				kind = upToNextMajorVersion;
				minimumVersion = 1.1.7;
			};
		};
		3351CEB62C2DC45500D065EC /* XCRemoteSwiftPackageReference "SnapKit" */ = {
			isa = XCRemoteSwiftPackageReference;
			repositoryURL = "https://github.com/SnapKit/SnapKit.git";
			requirement = {
				kind = upToNextMajorVersion;
				minimumVersion = 5.7.1;
			};
		};
/* End XCRemoteSwiftPackageReference section */

/* Begin XCSwiftPackageProductDependency section */
		3351CE9D2C2DC36B00D065EC /* AppDesign */ = {
			isa = XCSwiftPackageProductDependency;
			productName = AppDesign;
		};
		3351CE9F2C2DC36E00D065EC /* Coordinators */ = {
			isa = XCSwiftPackageProductDependency;
			productName = Coordinators;
		};
		3351CEA12C2DC37300D065EC /* MainPage */ = {
			isa = XCSwiftPackageProductDependency;
			productName = MainPage;
		};
		3351CEA32C2DC37700D065EC /* Networking */ = {
			isa = XCSwiftPackageProductDependency;
			productName = Networking;
		};
		3351CEA52C2DC37A00D065EC /* PersonalPage */ = {
			isa = XCSwiftPackageProductDependency;
			productName = PersonalPage;
		};
		3351CEA72C2DC37E00D065EC /* Registration */ = {
			isa = XCSwiftPackageProductDependency;
			productName = Registration;
		};
		3351CEA92C2DC38200D065EC /* TeamPage */ = {
			isa = XCSwiftPackageProductDependency;
			productName = TeamPage;
		};
		3351CEAD2C2DC38B00D065EC /* ViewComponents */ = {
			isa = XCSwiftPackageProductDependency;
			productName = ViewComponents;
		};
		3351CEB12C2DC41600D065EC /* SkeletonView */ = {
			isa = XCSwiftPackageProductDependency;
			package = 3351CEB02C2DC41600D065EC /* XCRemoteSwiftPackageReference "SkeletonView" */;
			productName = SkeletonView;
		};
		3351CEB42C2DC43200D065EC /* Lighty */ = {
			isa = XCSwiftPackageProductDependency;
			package = 3351CEB32C2DC43200D065EC /* XCRemoteSwiftPackageReference "Lighty" */;
			productName = Lighty;
		};
		3351CEB72C2DC45500D065EC /* SnapKit */ = {
			isa = XCSwiftPackageProductDependency;
			package = 3351CEB62C2DC45500D065EC /* XCRemoteSwiftPackageReference "SnapKit" */;
			productName = SnapKit;
		};
		3351CEB92C2DC45500D065EC /* SnapKit-Dynamic */ = {
			isa = XCSwiftPackageProductDependency;
			package = 3351CEB62C2DC45500D065EC /* XCRemoteSwiftPackageReference "SnapKit" */;
			productName = "SnapKit-Dynamic";
		};
		3363C1FA2C2E1E0800D313C6 /* Utils */ = {
			isa = XCSwiftPackageProductDependency;
			productName = Utils;
		};
/* End XCSwiftPackageProductDependency section */
	};
	rootObject = 3351CE732C2DBF9400D065EC /* Project object */;
}
